
Microsoft Visual Studio Solution File, Format Version 12.00
# Visual Studio Version 17
VisualStudioVersion = 17.10.35013.160
MinimumVisualStudioVersion = 10.0.40219.1
Project("{9A19103F-16F7-4668-BE54-9A1E7A4F7556}") = "TheOmenDen.Shared.CompressionStreamsWrapper", "TheOmenDen.Shared.CompressionStreamsWrapper\TheOmenDen.Shared.CompressionStreamsWrapper.csproj", "{33B38DB1-C47B-4E4F-9A89-388A8B435AAD}"
EndProject
Project("{FAE04EC0-301F-11D3-BF4B-00C04F79EFBC}") = "TheOmenDen.Shared.CompressionStreamsDemo", "TheOmenDen.Shared.CompressionStreamsDemo\TheOmenDen.Shared.CompressionStreamsDemo.csproj", "{0B51DF75-A30C-4731-BD42-EFF67ED634E4}"
EndProject
Global
	GlobalSection(SolutionConfigurationPlatforms) = preSolution
		Debug|Any CPU = Debug|Any CPU
		Release|Any CPU = Release|Any CPU
	EndGlobalSection
	GlobalSection(ProjectConfigurationPlatforms) = postSolution
		{33B38DB1-C47B-4E4F-9A89-388A8B435AAD}.Debug|Any CPU.ActiveCfg = Debug|Any CPU
		{33B38DB1-C47B-4E4F-9A89-388A8B435AAD}.Debug|Any CPU.Build.0 = Debug|Any CPU
		{33B38DB1-C47B-4E4F-9A89-388A8B435AAD}.Release|Any CPU.ActiveCfg = Release|Any CPU
		{33B38DB1-C47B-4E4F-9A89-388A8B435AAD}.Release|Any CPU.Build.0 = Release|Any CPU
		{0B51DF75-A30C-4731-BD42-EFF67ED634E4}.Debug|Any CPU.ActiveCfg = Debug|Any CPU
		{0B51DF75-A30C-4731-BD42-EFF67ED634E4}.Debug|Any CPU.Build.0 = Debug|Any CPU
		{0B51DF75-A30C-4731-BD42-EFF67ED634E4}.Release|Any CPU.ActiveCfg = Release|Any CPU
		{0B51DF75-A30C-4731-BD42-EFF67ED634E4}.Release|Any CPU.Build.0 = Release|Any CPU
	EndGlobalSection
	GlobalSection(SolutionProperties) = preSolution
		HideSolutionNode = FALSE
	EndGlobalSection
	GlobalSection(ExtensibilityGlobals) = postSolution
		SolutionGuid = {158A6DD5-F48D-403E-B83C-A0659C7D1F87}
	EndGlobalSection
EndGlobal
